
Microsoft Visual Studio Solution File, Format Version 12.00
# Visual Studio 15
VisualStudioVersion = 15.0.27703.2035
MinimumVisualStudioVersion = 10.0.40219.1
Project("{FAE04EC0-301F-11D3-BF4B-00C04F79EFBC}") = "Lab4_Joker", "Lab4_Joker\Lab4_Joker.csproj", "{77ADD8C3-6C74-40A2-B5D4-F378903443AF}"
EndProject
Global
	GlobalSection(SolutionConfigurationPlatforms) = preSolution
		Debug|Any CPU = Debug|Any CPU
		Release|Any CPU = Release|Any CPU
	EndGlobalSection
	GlobalSection(ProjectConfigurationPlatforms) = postSolution
		{77ADD8C3-6C74-40A2-B5D4-F378903443AF}.Debug|Any CPU.ActiveCfg = Debug|Any CPU
		{77ADD8C3-6C74-40A2-B5D4-F378903443AF}.Debug|Any CPU.Build.0 = Debug|Any CPU
		{77ADD8C3-6C74-40A2-B5D4-F378903443AF}.Release|Any CPU.ActiveCfg = Release|Any CPU
		{77ADD8C3-6C74-40A2-B5D4-F378903443AF}.Release|Any CPU.Build.0 = Release|Any CPU
	EndGlobalSection
	GlobalSection(SolutionProperties) = preSolution
		HideSolutionNode = FALSE
	EndGlobalSection
	GlobalSection(ExtensibilityGlobals) = postSolution
		SolutionGuid = {43035A47-D2C6-4A76-9789-711C79BE40CB}
	EndGlobalSection
EndGlobal
